
Microsoft Visual Studio Solution File, Format Version 12.00
# Visual Studio Version 16
VisualStudioVersion = 16.0.31205.134
MinimumVisualStudioVersion = 10.0.40219.1
Project("{FAE04EC0-301F-11D3-BF4B-00C04F79EFBC}") = "QLNV", "QLNV\QLNV.csproj", "{0981C8BF-1854-47F9-BB44-1C515D61B9B9}"
EndProject
Project("{FAE04EC0-301F-11D3-BF4B-00C04F79EFBC}") = "DATA", "DATA\DATA.csproj", "{134B25CB-298B-4403-9ECD-D554D47EA283}"
EndProject
Global
	GlobalSection(SolutionConfigurationPlatforms) = preSolution
		Debug|Any CPU = Debug|Any CPU
		Release|Any CPU = Release|Any CPU
	EndGlobalSection
	GlobalSection(ProjectConfigurationPlatforms) = postSolution
		{0981C8BF-1854-47F9-BB44-1C515D61B9B9}.Debug|Any CPU.ActiveCfg = Debug|Any CPU
		{0981C8BF-1854-47F9-BB44-1C515D61B9B9}.Debug|Any CPU.Build.0 = Debug|Any CPU
		{0981C8BF-1854-47F9-BB44-1C515D61B9B9}.Release|Any CPU.ActiveCfg = Release|Any CPU
		{0981C8BF-1854-47F9-BB44-1C515D61B9B9}.Release|Any CPU.Build.0 = Release|Any CPU
		{134B25CB-298B-4403-9ECD-D554D47EA283}.Debug|Any CPU.ActiveCfg = Debug|Any CPU
		{134B25CB-298B-4403-9ECD-D554D47EA283}.Debug|Any CPU.Build.0 = Debug|Any CPU
		{134B25CB-298B-4403-9ECD-D554D47EA283}.Release|Any CPU.ActiveCfg = Release|Any CPU
		{134B25CB-298B-4403-9ECD-D554D47EA283}.Release|Any CPU.Build.0 = Release|Any CPU
	EndGlobalSection
	GlobalSection(SolutionProperties) = preSolution
		HideSolutionNode = FALSE
	EndGlobalSection
	GlobalSection(ExtensibilityGlobals) = postSolution
		SolutionGuid = {FA003C78-8D6D-424D-9C0A-C8057C55840E}
	EndGlobalSection
EndGlobal
